
Microsoft Visual Studio Solution File, Format Version 12.00
# Visual Studio Version 16
VisualStudioVersion = 16.0.30907.101
MinimumVisualStudioVersion = 10.0.40219.1
Project("{FAE04EC0-301F-11D3-BF4B-00C04F79EFBC}") = "HalfWayToMediocre-WebApp", "HalfWayToMediocre-WebApp.csproj", "{A445449D-07B7-42A0-9B52-C90417C9ACA0}"
EndProject
Project("{FAE04EC0-301F-11D3-BF4B-00C04F79EFBC}") = "ClassLibrary1", "..\ClassLibrary1\ClassLibrary1.csproj", "{71539CE4-0B49-465D-8BB6-20EF5A4C68A1}"
EndProject
Global
	GlobalSection(SolutionConfigurationPlatforms) = preSolution
		Debug|Any CPU = Debug|Any CPU
		Release|Any CPU = Release|Any CPU
	EndGlobalSection
	GlobalSection(ProjectConfigurationPlatforms) = postSolution
		{A445449D-07B7-42A0-9B52-C90417C9ACA0}.Debug|Any CPU.ActiveCfg = Debug|Any CPU
		{A445449D-07B7-42A0-9B52-C90417C9ACA0}.Debug|Any CPU.Build.0 = Debug|Any CPU
		{A445449D-07B7-42A0-9B52-C90417C9ACA0}.Release|Any CPU.ActiveCfg = Release|Any CPU
		{A445449D-07B7-42A0-9B52-C90417C9ACA0}.Release|Any CPU.Build.0 = Release|Any CPU
		{71539CE4-0B49-465D-8BB6-20EF5A4C68A1}.Debug|Any CPU.ActiveCfg = Debug|Any CPU
		{71539CE4-0B49-465D-8BB6-20EF5A4C68A1}.Debug|Any CPU.Build.0 = Debug|Any CPU
		{71539CE4-0B49-465D-8BB6-20EF5A4C68A1}.Release|Any CPU.ActiveCfg = Release|Any CPU
		{71539CE4-0B49-465D-8BB6-20EF5A4C68A1}.Release|Any CPU.Build.0 = Release|Any CPU
	EndGlobalSection
	GlobalSection(SolutionProperties) = preSolution
		HideSolutionNode = FALSE
	EndGlobalSection
	GlobalSection(ExtensibilityGlobals) = postSolution
		SolutionGuid = {1B4C0AAC-1227-43D8-A8D4-919001F85FF2}
	EndGlobalSection
EndGlobal
